
Microsoft Visual Studio Solution File, Format Version 12.00
# Visual Studio Version 17
VisualStudioVersion = 17.2.32505.173
MinimumVisualStudioVersion = 10.0.40219.1
Project("{FAE04EC0-301F-11D3-BF4B-00C04F79EFBC}") = "SimpleWebServer", "SimpleWebServer\SimpleWebServer.csproj", "{1E18F9FF-5A26-4B79-B1AC-65D4C362B572}"
EndProject
Global
	GlobalSection(SolutionConfigurationPlatforms) = preSolution
		Debug|Any CPU = Debug|Any CPU
		Release|Any CPU = Release|Any CPU
	EndGlobalSection
	GlobalSection(ProjectConfigurationPlatforms) = postSolution
		{1E18F9FF-5A26-4B79-B1AC-65D4C362B572}.Debug|Any CPU.ActiveCfg = Debug|Any CPU
		{1E18F9FF-5A26-4B79-B1AC-65D4C362B572}.Debug|Any CPU.Build.0 = Debug|Any CPU
		{1E18F9FF-5A26-4B79-B1AC-65D4C362B572}.Release|Any CPU.ActiveCfg = Release|Any CPU
		{1E18F9FF-5A26-4B79-B1AC-65D4C362B572}.Release|Any CPU.Build.0 = Release|Any CPU
	EndGlobalSection
	GlobalSection(SolutionProperties) = preSolution
		HideSolutionNode = FALSE
	EndGlobalSection
	GlobalSection(ExtensibilityGlobals) = postSolution
		SolutionGuid = {9251A630-ADB1-4BC6-AEDE-083331C3F663}
	EndGlobalSection
EndGlobal
